// !$*UTF8*$!
{
	archiveVersion = 1;
	classes = {
	};
	objectVersion = 77;
	objects = {

/* Begin PBXBuildFile section */
		D802E2EF2FA90E0E00752C06 /* Metronome Watch App.app in Embed Watch Content */ = {isa = PBXBuildFile; fileRef = D802E2EE2FA90E0E00752C06 /* Metronome Watch App.app */; settings = {ATTRIBUTES = (RemoveHeadersOnCopy, ); }; };
/* End PBXBuildFile section */

/* Begin PBXContainerItemProxy section */
		D802E2F02FA90E0E00752C06 /* PBXContainerItemProxy */ = {
			isa = PBXContainerItemProxy;
			containerPortal = D802E2E22FA90E0E00752C06 /* Project object */;
			proxyType = 1;
			remoteGlobalIDString = D802E2ED2FA90E0E00752C06;
			remoteInfo = "Metronome Watch App";
		};
		D802E2FE2FA90E0F00752C06 /* PBXContainerItemProxy */ = {
			isa = PBXContainerItemProxy;
			containerPortal = D802E2E22FA90E0E00752C06 /* Project object */;
			proxyType = 1;
			remoteGlobalIDString = D802E2ED2FA90E0E00752C06;
			remoteInfo = "Metronome Watch App";
		};
		D802E3082FA90E0F00752C06 /* PBXContainerItemProxy */ = {
			isa = PBXContainerItemProxy;
			containerPortal = D802E2E22FA90E0E00752C06 /* Project object */;
			proxyType = 1;
			remoteGlobalIDString = D802E2ED2FA90E0E00752C06;
			remoteInfo = "Metronome Watch App";
		};
/* End PBXContainerItemProxy section */

/* Begin PBXCopyFilesBuildPhase section */
		D802E3142FA90E1000752C06 /* Embed Watch Content */ = {
			isa = PBXCopyFilesBuildPhase;
			buildActionMask = 2147483647;
			dstPath = "$(CONTENTS_FOLDER_PATH)/Watch";
			dstSubfolderSpec = 16;
			files = (
				D802E2EF2FA90E0E00752C06 /* Metronome Watch App.app in Embed Watch Content */,
			);
			name = "Embed Watch Content";
			runOnlyForDeploymentPostprocessing = 0;
		};
/* End PBXCopyFilesBuildPhase section */

/* Begin PBXFileReference section */
		D802E2E82FA90E0E00752C06 /* Metronome.app */ = {isa = PBXFileReference; explicitFileType = wrapper.application; includeInIndex = 0; path = Metronome.app; sourceTree = BUILT_PRODUCTS_DIR; };
		D802E2EE2FA90E0E00752C06 /* Metronome Watch App.app */ = {isa = PBXFileReference; explicitFileType = wrapper.application; includeInIndex = 0; path = "Metronome Watch App.app"; sourceTree = BUILT_PRODUCTS_DIR; };
		D802E2FD2FA90E0F00752C06 /* Metronome Watch AppTests.xctest */ = {isa = PBXFileReference; explicitFileType = wrapper.cfbundle; includeInIndex = 0; path = "Metronome Watch AppTests.xctest"; sourceTree = BUILT_PRODUCTS_DIR; };
		D802E3072FA90E0F00752C06 /* Metronome Watch AppUITests.xctest */ = {isa = PBXFileReference; explicitFileType = wrapper.cfbundle; includeInIndex = 0; path = "Metronome Watch AppUITests.xctest"; sourceTree = BUILT_PRODUCTS_DIR; };
/* End PBXFileReference section */

/* Begin PBXFileSystemSynchronizedRootGroup section */
		D802E2F22FA90E0E00752C06 /* Metronome Watch App */ = {
			isa = PBXFileSystemSynchronizedRootGroup;
			path = "Metronome Watch App";
			sourceTree = "<group>";
		};
		D802E3002FA90E0F00752C06 /* Metronome Watch AppTests */ = {
			isa = PBXFileSystemSynchronizedRootGroup;
			path = "Metronome Watch AppTests";
			sourceTree = "<group>";
		};
		D802E30A2FA90E0F00752C06 /* Metronome Watch AppUITests */ = {
			isa = PBXFileSystemSynchronizedRootGroup;
			path = "Metronome Watch AppUITests";
			sourceTree = "<group>";
		};
/* End PBXFileSystemSynchronizedRootGroup section */

/* Begin PBXFrameworksBuildPhase section */
		D802E2EB2FA90E0E00752C06 /* Frameworks */ = {
			isa = PBXFrameworksBuildPhase;
			buildActionMask = 2147483647;
			files = (
			);
			runOnlyForDeploymentPostprocessing = 0;
		};
		D802E2FA2FA90E0F00752C06 /* Frameworks */ = {
			isa = PBXFrameworksBuildPhase;
			buildActionMask = 2147483647;
			files = (
			);
			runOnlyForDeploymentPostprocessing = 0;
		};
		D802E3042FA90E0F00752C06 /* Frameworks */ = {
			isa = PBXFrameworksBuildPhase;
			buildActionMask = 2147483647;
			files = (
			);
			runOnlyForDeploymentPostprocessing = 0;
		};
/* End PBXFrameworksBuildPhase section */

/* Begin PBXGroup section */
		D802E2E12FA90E0E00752C06 = {
			isa = PBXGroup;
			children = (
				D802E2F22FA90E0E00752C06 /* Metronome Watch App */,
				D802E3002FA90E0F00752C06 /* Metronome Watch AppTests */,
				D802E30A2FA90E0F00752C06 /* Metronome Watch AppUITests */,
				D802E2E92FA90E0E00752C06 /* Products */,
			);
			sourceTree = "<group>";
		};
		D802E2E92FA90E0E00752C06 /* Products */ = {
			isa = PBXGroup;
			children = (
				D802E2E82FA90E0E00752C06 /* Metronome.app */,
				D802E2EE2FA90E0E00752C06 /* Metronome Watch App.app */,
				D802E2FD2FA90E0F00752C06 /* Metronome Watch AppTests.xctest */,
				D802E3072FA90E0F00752C06 /* Metronome Watch AppUITests.xctest */,
			);
			name = Products;
			sourceTree = "<group>";
		};
/* End PBXGroup section */

/* Begin PBXNativeTarget section */
		D802E2E72FA90E0E00752C06 /* Metronome */ = {
			isa = PBXNativeTarget;
			buildConfigurationList = D802E3152FA90E1000752C06 /* Build configuration list for PBXNativeTarget "Metronome" */;
			buildPhases = (
				D802E2E62FA90E0E00752C06 /* Resources */,
				D802E3142FA90E1000752C06 /* Embed Watch Content */,
			);
			buildRules = (
			);
			dependencies = (
				D802E2F12FA90E0E00752C06 /* PBXTargetDependency */,
			);
			name = Metronome;
			packageProductDependencies = (
			);
			productName = Metronome;
			productReference = D802E2E82FA90E0E00752C06 /* Metronome.app */;
			productType = "com.apple.product-type.application.watchapp2-container";
		};
		D802E2ED2FA90E0E00752C06 /* Metronome Watch App */ = {
			isa = PBXNativeTarget;
			buildConfigurationList = D802E3112FA90E1000752C06 /* Build configuration list for PBXNativeTarget "Metronome Watch App" */;
			buildPhases = (
				D802E2EA2FA90E0E00752C06 /* Sources */,
				D802E2EB2FA90E0E00752C06 /* Frameworks */,
				D802E2EC2FA90E0E00752C06 /* Resources */,
			);
			buildRules = (
			);
			dependencies = (
			);
			fileSystemSynchronizedGroups = (
				D802E2F22FA90E0E00752C06 /* Metronome Watch App */,
			);
			name = "Metronome Watch App";
			packageProductDependencies = (
			);
			productName = "Metronome Watch App";
			productReference = D802E2EE2FA90E0E00752C06 /* Metronome Watch App.app */;
			productType = "com.apple.product-type.application";
		};
		D802E2FC2FA90E0F00752C06 /* Metronome Watch AppTests */ = {
			isa = PBXNativeTarget;
			buildConfigurationList = D802E3182FA90E1000752C06 /* Build configuration list for PBXNativeTarget "Metronome Watch AppTests" */;
			buildPhases = (
				D802E2F92FA90E0F00752C06 /* Sources */,
				D802E2FA2FA90E0F00752C06 /* Frameworks */,
				D802E2FB2FA90E0F00752C06 /* Resources */,
			);
			buildRules = (
			);
			dependencies = (
				D802E2FF2FA90E0F00752C06 /* PBXTargetDependency */,
			);
			fileSystemSynchronizedGroups = (
				D802E3002FA90E0F00752C06 /* Metronome Watch AppTests */,
			);
			name = "Metronome Watch AppTests";
			packageProductDependencies = (
			);
			productName = "Metronome Watch AppTests";
			productReference = D802E2FD2FA90E0F00752C06 /* Metronome Watch AppTests.xctest */;
			productType = "com.apple.product-type.bundle.unit-test";
		};
		D802E3062FA90E0F00752C06 /* Metronome Watch AppUITests */ = {
			isa = PBXNativeTarget;
			buildConfigurationList = D802E31B2FA90E1000752C06 /* Build configuration list for PBXNativeTarget "Metronome Watch AppUITests" */;
			buildPhases = (
				D802E3032FA90E0F00752C06 /* Sources */,
				D802E3042FA90E0F00752C06 /* Frameworks */,
				D802E3052FA90E0F00752C06 /* Resources */,
			);
			buildRules = (
			);
			dependencies = (
				D802E3092FA90E0F00752C06 /* PBXTargetDependency */,
			);
			fileSystemSynchronizedGroups = (
				D802E30A2FA90E0F00752C06 /* Metronome Watch AppUITests */,
			);
			name = "Metronome Watch AppUITests";
			packageProductDependencies = (
			);
			productName = "Metronome Watch AppUITests";
			productReference = D802E3072FA90E0F00752C06 /* Metronome Watch AppUITests.xctest */;
			productType = "com.apple.product-type.bundle.ui-testing";
		};
/* End PBXNativeTarget section */

/* Begin PBXProject section */
		D802E2E22FA90E0E00752C06 /* Project object */ = {
			isa = PBXProject;
			attributes = {
				BuildIndependentTargetsInParallel = 1;
				LastSwiftUpdateCheck = 2640;
				LastUpgradeCheck = 2640;
				TargetAttributes = {
					D802E2E72FA90E0E00752C06 = {
						CreatedOnToolsVersion = 26.4.1;
					};
					D802E2ED2FA90E0E00752C06 = {
						CreatedOnToolsVersion = 26.4.1;
					};
					D802E2FC2FA90E0F00752C06 = {
						CreatedOnToolsVersion = 26.4.1;
						TestTargetID = D802E2ED2FA90E0E00752C06;
					};
					D802E3062FA90E0F00752C06 = {
						CreatedOnToolsVersion = 26.4.1;
						TestTargetID = D802E2ED2FA90E0E00752C06;
					};
				};
			};
			buildConfigurationList = D802E2E52FA90E0E00752C06 /* Build configuration list for PBXProject "Metronome" */;
			developmentRegion = en;
			hasScannedForEncodings = 0;
			knownRegions = (
				en,
				Base,
			);
			mainGroup = D802E2E12FA90E0E00752C06;
			minimizedProjectReferenceProxies = 1;
			preferredProjectObjectVersion = 77;
			productRefGroup = D802E2E92FA90E0E00752C06 /* Products */;
			projectDirPath = "";
			projectRoot = "";
			targets = (
				D802E2E72FA90E0E00752C06 /* Metronome */,
				D802E2ED2FA90E0E00752C06 /* Metronome Watch App */,
				D802E2FC2FA90E0F00752C06 /* Metronome Watch AppTests */,
				D802E3062FA90E0F00752C06 /* Metronome Watch AppUITests */,
			);
		};
/* End PBXProject section */

/* Begin PBXResourcesBuildPhase section */
		D802E2E62FA90E0E00752C06 /* Resources */ = {
			isa = PBXResourcesBuildPhase;
			buildActionMask = 2147483647;
			files = (
			);
			runOnlyForDeploymentPostprocessing = 0;
		};
		D802E2EC2FA90E0E00752C06 /* Resources */ = {
			isa = PBXResourcesBuildPhase;
			buildActionMask = 2147483647;
			files = (
			);
			runOnlyForDeploymentPostprocessing = 0;
		};
		D802E2FB2FA90E0F00752C06 /* Resources */ = {
			isa = PBXResourcesBuildPhase;
			buildActionMask = 2147483647;
			files = (
			);
			runOnlyForDeploymentPostprocessing = 0;
		};
		D802E3052FA90E0F00752C06 /* Resources */ = {
			isa = PBXResourcesBuildPhase;
			buildActionMask = 2147483647;
			files = (
			);
			runOnlyForDeploymentPostprocessing = 0;
		};
/* End PBXResourcesBuildPhase section */

/* Begin PBXSourcesBuildPhase section */
		D802E2EA2FA90E0E00752C06 /* Sources */ = {
			isa = PBXSourcesBuildPhase;
			buildActionMask = 2147483647;
			files = (
			);
			runOnlyForDeploymentPostprocessing = 0;
		};
		D802E2F92FA90E0F00752C06 /* Sources */ = {
			isa = PBXSourcesBuildPhase;
			buildActionMask = 2147483647;
			files = (
			);
			runOnlyForDeploymentPostprocessing = 0;
		};
		D802E3032FA90E0F00752C06 /* Sources */ = {
			isa = PBXSourcesBuildPhase;
			buildActionMask = 2147483647;
			files = (
			);
			runOnlyForDeploymentPostprocessing = 0;
		};
/* End PBXSourcesBuildPhase section */

/* Begin PBXTargetDependency section */
		D802E2F12FA90E0E00752C06 /* PBXTargetDependency */ = {
			isa = PBXTargetDependency;
			target = D802E2ED2FA90E0E00752C06 /* Metronome Watch App */;
			targetProxy = D802E2F02FA90E0E00752C06 /* PBXContainerItemProxy */;
		};
		D802E2FF2FA90E0F00752C06 /* PBXTargetDependency */ = {
			isa = PBXTargetDependency;
			target = D802E2ED2FA90E0E00752C06 /* Metronome Watch App */;
			targetProxy = D802E2FE2FA90E0F00752C06 /* PBXContainerItemProxy */;
		};
		D802E3092FA90E0F00752C06 /* PBXTargetDependency */ = {
			isa = PBXTargetDependency;
			target = D802E2ED2FA90E0E00752C06 /* Metronome Watch App */;
			targetProxy = D802E3082FA90E0F00752C06 /* PBXContainerItemProxy */;
		};
/* End PBXTargetDependency section */

/* Begin XCBuildConfiguration section */
		D802E30F2FA90E1000752C06 /* Debug */ = {
			isa = XCBuildConfiguration;
			buildSettings = {
				ALWAYS_SEARCH_USER_PATHS = NO;
				ASSETCATALOG_COMPILER_GENERATE_SWIFT_ASSET_SYMBOL_EXTENSIONS = YES;
				CLANG_ANALYZER_NONNULL = YES;
				CLANG_ANALYZER_NUMBER_OBJECT_CONVERSION = YES_AGGRESSIVE;
				CLANG_CXX_LANGUAGE_STANDARD = "gnu++20";
				CLANG_ENABLE_MODULES = YES;
				CLANG_ENABLE_OBJC_ARC = YES;
				CLANG_ENABLE_OBJC_WEAK = YES;
				CLANG_WARN_BLOCK_CAPTURE_AUTORELEASING = YES;
				CLANG_WARN_BOOL_CONVERSION = YES;
				CLANG_WARN_COMMA = YES;
				CLANG_WARN_CONSTANT_CONVERSION = YES;
				CLANG_WARN_DEPRECATED_OBJC_IMPLEMENTATIONS = YES;
				CLANG_WARN_DIRECT_OBJC_ISA_USAGE = YES_ERROR;
				CLANG_WARN_DOCUMENTATION_COMMENTS = YES;
				CLANG_WARN_EMPTY_BODY = YES;
				CLANG_WARN_ENUM_CONVERSION = YES;
				CLANG_WARN_INFINITE_RECURSION = YES;
				CLANG_WARN_INT_CONVERSION = YES;
				CLANG_WARN_NON_LITERAL_NULL_CONVERSION = YES;
				CLANG_WARN_OBJC_IMPLICIT_RETAIN_SELF = YES;
				CLANG_WARN_OBJC_LITERAL_CONVERSION = YES;
				CLANG_WARN_OBJC_ROOT_CLASS = YES_ERROR;
				CLANG_WARN_QUOTED_INCLUDE_IN_FRAMEWORK_HEADER = YES;
				CLANG_WARN_RANGE_LOOP_ANALYSIS = YES;
				CLANG_WARN_STRICT_PROTOTYPES = YES;
				CLANG_WARN_SUSPICIOUS_MOVE = YES;
				CLANG_WARN_UNGUARDED_AVAILABILITY = YES_AGGRESSIVE;
				CLANG_WARN_UNREACHABLE_CODE = YES;
				CLANG_WARN__DUPLICATE_METHOD_MATCH = YES;
				COPY_PHASE_STRIP = NO;
				DEBUG_INFORMATION_FORMAT = dwarf;
				ENABLE_STRICT_OBJC_MSGSEND = YES;
				ENABLE_TESTABILITY = YES;
				ENABLE_USER_SCRIPT_SANDBOXING = YES;
				GCC_C_LANGUAGE_STANDARD = gnu17;
				GCC_DYNAMIC_NO_PIC = NO;
				GCC_NO_COMMON_BLOCKS = YES;
				GCC_OPTIMIZATION_LEVEL = 0;
				GCC_PREPROCESSOR_DEFINITIONS = (
					"DEBUG=1",
					"$(inherited)",
				);
				GCC_WARN_64_TO_32_BIT_CONVERSION = YES;
				GCC_WARN_ABOUT_RETURN_TYPE = YES_ERROR;
				GCC_WARN_UNDECLARED_SELECTOR = YES;
				GCC_WARN_UNINITIALIZED_AUTOS = YES_AGGRESSIVE;
				GCC_WARN_UNUSED_FUNCTION = YES;
				GCC_WARN_UNUSED_VARIABLE = YES;
				LOCALIZATION_PREFERS_STRING_CATALOGS = YES;
				MTL_ENABLE_DEBUG_INFO = INCLUDE_SOURCE;
				MTL_FAST_MATH = YES;
				ONLY_ACTIVE_ARCH = YES;
				SWIFT_ACTIVE_COMPILATION_CONDITIONS = "DEBUG $(inherited)";
				SWIFT_OPTIMIZATION_LEVEL = "-Onone";
			};
			name = Debug;
		};
		D802E3102FA90E1000752C06 /* Release */ = {
			isa = XCBuildConfiguration;
			buildSettings = {
				ALWAYS_SEARCH_USER_PATHS = NO;
				ASSETCATALOG_COMPILER_GENERATE_SWIFT_ASSET_SYMBOL_EXTENSIONS = YES;
				CLANG_ANALYZER_NONNULL = YES;
				CLANG_ANALYZER_NUMBER_OBJECT_CONVERSION = YES_AGGRESSIVE;
				CLANG_CXX_LANGUAGE_STANDARD = "gnu++20";
				CLANG_ENABLE_MODULES = YES;
				CLANG_ENABLE_OBJC_ARC = YES;
				CLANG_ENABLE_OBJC_WEAK = YES;
				CLANG_WARN_BLOCK_CAPTURE_AUTORELEASING = YES;
				CLANG_WARN_BOOL_CONVERSION = YES;
				CLANG_WARN_COMMA = YES;
				CLANG_WARN_CONSTANT_CONVERSION = YES;
				CLANG_WARN_DEPRECATED_OBJC_IMPLEMENTATIONS = YES;
				CLANG_WARN_DIRECT_OBJC_ISA_USAGE = YES_ERROR;
				CLANG_WARN_DOCUMENTATION_COMMENTS = YES;
				CLANG_WARN_EMPTY_BODY = YES;
				CLANG_WARN_ENUM_CONVERSION = YES;
				CLANG_WARN_INFINITE_RECURSION = YES;
				CLANG_WARN_INT_CONVERSION = YES;
				CLANG_WARN_NON_LITERAL_NULL_CONVERSION = YES;
				CLANG_WARN_OBJC_IMPLICIT_RETAIN_SELF = YES;
				CLANG_WARN_OBJC_LITERAL_CONVERSION = YES;
				CLANG_WARN_OBJC_ROOT_CLASS = YES_ERROR;
				CLANG_WARN_QUOTED_INCLUDE_IN_FRAMEWORK_HEADER = YES;
				CLANG_WARN_RANGE_LOOP_ANALYSIS = YES;
				CLANG_WARN_STRICT_PROTOTYPES = YES;
				CLANG_WARN_SUSPICIOUS_MOVE = YES;
				CLANG_WARN_UNGUARDED_AVAILABILITY = YES_AGGRESSIVE;
				CLANG_WARN_UNREACHABLE_CODE = YES;
				CLANG_WARN__DUPLICATE_METHOD_MATCH = YES;
				COPY_PHASE_STRIP = NO;
				DEBUG_INFORMATION_FORMAT = "dwarf-with-dsym";
				ENABLE_NS_ASSERTIONS = NO;
				ENABLE_STRICT_OBJC_MSGSEND = YES;
				ENABLE_USER_SCRIPT_SANDBOXING = YES;
				GCC_C_LANGUAGE_STANDARD = gnu17;
				GCC_NO_COMMON_BLOCKS = YES;
				GCC_WARN_64_TO_32_BIT_CONVERSION = YES;
				GCC_WARN_ABOUT_RETURN_TYPE = YES_ERROR;
				GCC_WARN_UNDECLARED_SELECTOR = YES;
				GCC_WARN_UNINITIALIZED_AUTOS = YES_AGGRESSIVE;
				GCC_WARN_UNUSED_FUNCTION = YES;
				GCC_WARN_UNUSED_VARIABLE = YES;
				LOCALIZATION_PREFERS_STRING_CATALOGS = YES;
				MTL_ENABLE_DEBUG_INFO = NO;
				MTL_FAST_MATH = YES;
				SWIFT_COMPILATION_MODE = wholemodule;
			};
			name = Release;
		};
		D802E3122FA90E1000752C06 /* Debug */ = {
			isa = XCBuildConfiguration;
			buildSettings = {
				ASSETCATALOG_COMPILER_APPICON_NAME = AppIcon;
				ASSETCATALOG_COMPILER_GLOBAL_ACCENT_COLOR_NAME = AccentColor;
				CODE_SIGN_ENTITLEMENTS = "Metronome Watch App/Metronome Watch App.entitlements";
				CODE_SIGN_STYLE = Automatic;
				CURRENT_PROJECT_VERSION = 1;
				DEVELOPMENT_TEAM = C57V942VK8;
				ENABLE_PREVIEWS = YES;
				GENERATE_INFOPLIST_FILE = YES;
				INFOPLIST_FILE = "Metronome-Watch-App-Info.plist";
				INFOPLIST_KEY_CFBundleDisplayName = Metronome;
				INFOPLIST_KEY_UISupportedInterfaceOrientations = "UIInterfaceOrientationPortrait UIInterfaceOrientationPortraitUpsideDown";
				INFOPLIST_KEY_WKWatchOnly = YES;
				LD_RUNPATH_SEARCH_PATHS = (
					"$(inherited)",
					"@executable_path/Frameworks",
				);
				MARKETING_VERSION = 1.0;
				PRODUCT_BUNDLE_IDENTIFIER = nickstamboolian.Metronome.watchkitapp;
				PRODUCT_NAME = "$(TARGET_NAME)";
				SDKROOT = watchos;
				SKIP_INSTALL = YES;
				STRING_CATALOG_GENERATE_SYMBOLS = YES;
				SWIFT_APPROACHABLE_CONCURRENCY = YES;
				SWIFT_DEFAULT_ACTOR_ISOLATION = MainActor;
				SWIFT_EMIT_LOC_STRINGS = YES;
				SWIFT_UPCOMING_FEATURE_MEMBER_IMPORT_VISIBILITY = YES;
				SWIFT_VERSION = 5.0;
				TARGETED_DEVICE_FAMILY = 4;
				WATCHOS_DEPLOYMENT_TARGET = 26.0;
			};
			name = Debug;
		};
		D802E3132FA90E1000752C06 /* Release */ = {
			isa = XCBuildConfiguration;
			buildSettings = {
				ASSETCATALOG_COMPILER_APPICON_NAME = AppIcon;
				ASSETCATALOG_COMPILER_GLOBAL_ACCENT_COLOR_NAME = AccentColor;
				CODE_SIGN_ENTITLEMENTS = "Metronome Watch App/Metronome Watch App.entitlements";
				CODE_SIGN_STYLE = Automatic;
				CURRENT_PROJECT_VERSION = 1;
				DEVELOPMENT_TEAM = C57V942VK8;
				ENABLE_PREVIEWS = YES;
				GENERATE_INFOPLIST_FILE = YES;
				INFOPLIST_FILE = "Metronome-Watch-App-Info.plist";
				INFOPLIST_KEY_CFBundleDisplayName = Metronome;
				INFOPLIST_KEY_UISupportedInterfaceOrientations = "UIInterfaceOrientationPortrait UIInterfaceOrientationPortraitUpsideDown";
				INFOPLIST_KEY_WKWatchOnly = YES;
				LD_RUNPATH_SEARCH_PATHS = (
					"$(inherited)",
					"@executable_path/Frameworks",
				);
				MARKETING_VERSION = 1.0;
				PRODUCT_BUNDLE_IDENTIFIER = nickstamboolian.Metronome.watchkitapp;
				PRODUCT_NAME = "$(TARGET_NAME)";
				SDKROOT = watchos;
				SKIP_INSTALL = YES;
				STRING_CATALOG_GENERATE_SYMBOLS = YES;
				SWIFT_APPROACHABLE_CONCURRENCY = YES;
				SWIFT_DEFAULT_ACTOR_ISOLATION = MainActor;
				SWIFT_EMIT_LOC_STRINGS = YES;
				SWIFT_UPCOMING_FEATURE_MEMBER_IMPORT_VISIBILITY = YES;
				SWIFT_VERSION = 5.0;
				TARGETED_DEVICE_FAMILY = 4;
				VALIDATE_PRODUCT = YES;
				WATCHOS_DEPLOYMENT_TARGET = 26.0;
			};
			name = Release;
		};
		D802E3162FA90E1000752C06 /* Debug */ = {
			isa = XCBuildConfiguration;
			buildSettings = {
				CODE_SIGN_STYLE = Automatic;
				CURRENT_PROJECT_VERSION = 1;
				DEVELOPMENT_TEAM = C57V942VK8;
				INFOPLIST_KEY_CFBundleDisplayName = Metronome;
				MARKETING_VERSION = 1.0;
				PRODUCT_BUNDLE_IDENTIFIER = nickstamboolian.Metronome;
				PRODUCT_NAME = "$(TARGET_NAME)";
				SDKROOT = iphoneos;
				SWIFT_APPROACHABLE_CONCURRENCY = YES;
				SWIFT_UPCOMING_FEATURE_MEMBER_IMPORT_VISIBILITY = YES;
				SWIFT_VERSION = 5.0;
			};
			name = Debug;
		};
		D802E3172FA90E1000752C06 /* Release */ = {
			isa = XCBuildConfiguration;
			buildSettings = {
				CODE_SIGN_STYLE = Automatic;
				CURRENT_PROJECT_VERSION = 1;
				DEVELOPMENT_TEAM = C57V942VK8;
				INFOPLIST_KEY_CFBundleDisplayName = Metronome;
				MARKETING_VERSION = 1.0;
				PRODUCT_BUNDLE_IDENTIFIER = nickstamboolian.Metronome;
				PRODUCT_NAME = "$(TARGET_NAME)";
				SDKROOT = iphoneos;
				SWIFT_APPROACHABLE_CONCURRENCY = YES;
				SWIFT_UPCOMING_FEATURE_MEMBER_IMPORT_VISIBILITY = YES;
				SWIFT_VERSION = 5.0;
				VALIDATE_PRODUCT = YES;
			};
			name = Release;
		};
		D802E3192FA90E1000752C06 /* Debug */ = {
			isa = XCBuildConfiguration;
			buildSettings = {
				BUNDLE_LOADER = "$(TEST_HOST)";
				CODE_SIGN_STYLE = Automatic;
				CURRENT_PROJECT_VERSION = 1;
				DEVELOPMENT_TEAM = C57V942VK8;
				GENERATE_INFOPLIST_FILE = YES;
				MARKETING_VERSION = 1.0;
				PRODUCT_BUNDLE_IDENTIFIER = "nickstamboolian.Metronome-Watch-AppTests";
				PRODUCT_NAME = "$(TARGET_NAME)";
				SDKROOT = watchos;
				STRING_CATALOG_GENERATE_SYMBOLS = NO;
				SWIFT_APPROACHABLE_CONCURRENCY = YES;
				SWIFT_EMIT_LOC_STRINGS = NO;
				SWIFT_UPCOMING_FEATURE_MEMBER_IMPORT_VISIBILITY = YES;
				SWIFT_VERSION = 5.0;
				TARGETED_DEVICE_FAMILY = 4;
				TEST_HOST = "$(BUILT_PRODUCTS_DIR)/Metronome Watch App.app/$(BUNDLE_EXECUTABLE_FOLDER_PATH)/Metronome Watch App";
				WATCHOS_DEPLOYMENT_TARGET = 26.0;
			};
			name = Debug;
		};
		D802E31A2FA90E1000752C06 /* Release */ = {
			isa = XCBuildConfiguration;
			buildSettings = {
				BUNDLE_LOADER = "$(TEST_HOST)";
				CODE_SIGN_STYLE = Automatic;
				CURRENT_PROJECT_VERSION = 1;
				DEVELOPMENT_TEAM = C57V942VK8;
				GENERATE_INFOPLIST_FILE = YES;
				MARKETING_VERSION = 1.0;
				PRODUCT_BUNDLE_IDENTIFIER = "nickstamboolian.Metronome-Watch-AppTests";
				PRODUCT_NAME = "$(TARGET_NAME)";
				SDKROOT = watchos;
				STRING_CATALOG_GENERATE_SYMBOLS = NO;
				SWIFT_APPROACHABLE_CONCURRENCY = YES;
				SWIFT_EMIT_LOC_STRINGS = NO;
				SWIFT_UPCOMING_FEATURE_MEMBER_IMPORT_VISIBILITY = YES;
				SWIFT_VERSION = 5.0;
				TARGETED_DEVICE_FAMILY = 4;
				TEST_HOST = "$(BUILT_PRODUCTS_DIR)/Metronome Watch App.app/$(BUNDLE_EXECUTABLE_FOLDER_PATH)/Metronome Watch App";
				VALIDATE_PRODUCT = YES;
				WATCHOS_DEPLOYMENT_TARGET = 26.0;
			};
			name = Release;
		};
		D802E31C2FA90E1000752C06 /* Debug */ = {
			isa = XCBuildConfiguration;
			buildSettings = {
				CODE_SIGN_STYLE = Automatic;
				CURRENT_PROJECT_VERSION = 1;
				DEVELOPMENT_TEAM = C57V942VK8;
				GENERATE_INFOPLIST_FILE = YES;
				MARKETING_VERSION = 1.0;
				PRODUCT_BUNDLE_IDENTIFIER = "nickstamboolian.Metronome-Watch-AppUITests";
				PRODUCT_NAME = "$(TARGET_NAME)";
				SDKROOT = watchos;
				STRING_CATALOG_GENERATE_SYMBOLS = NO;
				SWIFT_APPROACHABLE_CONCURRENCY = YES;
				SWIFT_EMIT_LOC_STRINGS = NO;
				SWIFT_UPCOMING_FEATURE_MEMBER_IMPORT_VISIBILITY = YES;
				SWIFT_VERSION = 5.0;
				TARGETED_DEVICE_FAMILY = 4;
				TEST_TARGET_NAME = "Metronome Watch App";
				WATCHOS_DEPLOYMENT_TARGET = 26.0;
			};
			name = Debug;
		};
		D802E31D2FA90E1000752C06 /* Release */ = {
			isa = XCBuildConfiguration;
			buildSettings = {
				CODE_SIGN_STYLE = Automatic;
				CURRENT_PROJECT_VERSION = 1;
				DEVELOPMENT_TEAM = C57V942VK8;
				GENERATE_INFOPLIST_FILE = YES;
				MARKETING_VERSION = 1.0;
				PRODUCT_BUNDLE_IDENTIFIER = "nickstamboolian.Metronome-Watch-AppUITests";
				PRODUCT_NAME = "$(TARGET_NAME)";
				SDKROOT = watchos;
				STRING_CATALOG_GENERATE_SYMBOLS = NO;
				SWIFT_APPROACHABLE_CONCURRENCY = YES;
				SWIFT_EMIT_LOC_STRINGS = NO;
				SWIFT_UPCOMING_FEATURE_MEMBER_IMPORT_VISIBILITY = YES;
				SWIFT_VERSION = 5.0;
				TARGETED_DEVICE_FAMILY = 4;
				TEST_TARGET_NAME = "Metronome Watch App";
				VALIDATE_PRODUCT = YES;
				WATCHOS_DEPLOYMENT_TARGET = 26.0;
			};
			name = Release;
		};
/* End XCBuildConfiguration section */

/* Begin XCConfigurationList section */
		D802E2E52FA90E0E00752C06 /* Build configuration list for PBXProject "Metronome" */ = {
			isa = XCConfigurationList;
			buildConfigurations = (
				D802E30F2FA90E1000752C06 /* Debug */,
				D802E3102FA90E1000752C06 /* Release */,
			);
			defaultConfigurationIsVisible = 0;
			defaultConfigurationName = Release;
		};
		D802E3112FA90E1000752C06 /* Build configuration list for PBXNativeTarget "Metronome Watch App" */ = {
			isa = XCConfigurationList;
			buildConfigurations = (
				D802E3122FA90E1000752C06 /* Debug */,
				D802E3132FA90E1000752C06 /* Release */,
			);
			defaultConfigurationIsVisible = 0;
			defaultConfigurationName = Release;
		};
		D802E3152FA90E1000752C06 /* Build configuration list for PBXNativeTarget "Metronome" */ = {
			isa = XCConfigurationList;
			buildConfigurations = (
				D802E3162FA90E1000752C06 /* Debug */,
				D802E3172FA90E1000752C06 /* Release */,
			);
			defaultConfigurationIsVisible = 0;
			defaultConfigurationName = Release;
		};
		D802E3182FA90E1000752C06 /* Build configuration list for PBXNativeTarget "Metronome Watch AppTests" */ = {
			isa = XCConfigurationList;
			buildConfigurations = (
				D802E3192FA90E1000752C06 /* Debug */,
				D802E31A2FA90E1000752C06 /* Release */,
			);
			defaultConfigurationIsVisible = 0;
			defaultConfigurationName = Release;
		};
		D802E31B2FA90E1000752C06 /* Build configuration list for PBXNativeTarget "Metronome Watch AppUITests" */ = {
			isa = XCConfigurationList;
			buildConfigurations = (
				D802E31C2FA90E1000752C06 /* Debug */,
				D802E31D2FA90E1000752C06 /* Release */,
			);
			defaultConfigurationIsVisible = 0;
			defaultConfigurationName = Release;
		};
/* End XCConfigurationList section */
	};
	rootObject = D802E2E22FA90E0E00752C06 /* Project object */;
}
